
Microsoft Visual Studio Solution File, Format Version 12.00
# Visual Studio 2012
Project("{FAE04EC0-301F-11D3-BF4B-00C04F79EFBC}") = "TCP_Async_Client_Example", "TCP_Async_Client_Example\TCP_Async_Client_Example.csproj", "{3E9B2AC9-FA1D-4656-90E7-BA34C544B0EA}"
EndProject
Global
	GlobalSection(SolutionConfigurationPlatforms) = preSolution
		Debug|Any CPU = Debug|Any CPU
		Release|Any CPU = Release|Any CPU
	EndGlobalSection
	GlobalSection(ProjectConfigurationPlatforms) = postSolution
		{3E9B2AC9-FA1D-4656-90E7-BA34C544B0EA}.Debug|Any CPU.ActiveCfg = Debug|Any CPU
		{3E9B2AC9-FA1D-4656-90E7-BA34C544B0EA}.Debug|Any CPU.Build.0 = Debug|Any CPU
		{3E9B2AC9-FA1D-4656-90E7-BA34C544B0EA}.Release|Any CPU.ActiveCfg = Release|Any CPU
		{3E9B2AC9-FA1D-4656-90E7-BA34C544B0EA}.Release|Any CPU.Build.0 = Release|Any CPU
	EndGlobalSection
	GlobalSection(SolutionProperties) = preSolution
		HideSolutionNode = FALSE
	EndGlobalSection
EndGlobal
